PODS:
  - Alamofire (5.5.0)
  - KeychainAccess (4.2.2)
  - Kingfisher (7.1.2)
  - RxSwift (6.5.0)
  - SVProgressHUD (2.2.5)

DEPENDENCIES:
  - Alamofire
  - KeychainAccess (~> 4.2)
  - Kingfisher
  - RxSwift (~> 6.5)
  - SVProgressHUD

SPEC REPOS:
  trunk:
    - Alamofire
    - KeychainAccess
    - Kingfisher
    - RxSwift
    - SVProgressHUD

SPEC CHECKSUMS:
  Alamofire: 1c4fb5369c3fe93d2857c780d8bbe09f06f97e7c
  KeychainAccess: c0c4f7f38f6fc7bbe58f5702e25f7bd2f65abf51
  Kingfisher: 44ed6a8504763f27bab46163adfac83f5deb240c
  RxSwift: 5710a9e6b17f3c3d6e40d6e559b9fa1e813b2ef8
  SVProgressHUD: 1428aafac632c1f86f62aa4243ec12008d7a51d6

PODFILE CHECKSUM: 73f27a18ede06242f1d6b5233e6e597b5b2c032c

COCOAPODS: 1.11.2
